
Microsoft Visual Studio Solution File, Format Version 12.00
# Visual Studio Version 16
VisualStudioVersion = 16.0.31019.35
MinimumVisualStudioVersion = 10.0.40219.1
Project("{FAE04EC0-301F-11D3-BF4B-00C04F79EFBC}") = "CustomerWebApi", "CustomerWebApi\CustomerWebApi.csproj", "{D057A0F6-2BA9-43C0-9A92-5A33FDFBBFC2}"
EndProject
Global
	GlobalSection(SolutionConfigurationPlatforms) = preSolution
		Debug|Any CPU = Debug|Any CPU
		Release|Any CPU = Release|Any CPU
	EndGlobalSection
	GlobalSection(ProjectConfigurationPlatforms) = postSolution
		{D057A0F6-2BA9-43C0-9A92-5A33FDFBBFC2}.Debug|Any CPU.ActiveCfg = Debug|Any CPU
		{D057A0F6-2BA9-43C0-9A92-5A33FDFBBFC2}.Debug|Any CPU.Build.0 = Debug|Any CPU
		{D057A0F6-2BA9-43C0-9A92-5A33FDFBBFC2}.Release|Any CPU.ActiveCfg = Release|Any CPU
		{D057A0F6-2BA9-43C0-9A92-5A33FDFBBFC2}.Release|Any CPU.Build.0 = Release|Any CPU
	EndGlobalSection
	GlobalSection(SolutionProperties) = preSolution
		HideSolutionNode = FALSE
	EndGlobalSection
	GlobalSection(ExtensibilityGlobals) = postSolution
		SolutionGuid = {9F9B98D0-1197-42D9-81B1-099AD531D091}
	EndGlobalSection
EndGlobal
